
Microsoft Visual Studio Solution File, Format Version 12.00
# Visual Studio Version 17
VisualStudioVersion = 17.0.31903.59
MinimumVisualStudioVersion = 10.0.40219.1
Project("{FAE04EC0-301F-11D3-BF4B-00C04F79EFBC}") = "OnlineGameStore.UI", "OnlineGameStore.UI\OnlineGameStore.UI.csproj", "{F99396D3-EE5F-4EC5-8CF2-E2FF6BAE0CDF}"
EndProject
Project("{FAE04EC0-301F-11D3-BF4B-00C04F79EFBC}") = "OnlineGameStore.BLL", "OnlineGameStore.BLL\OnlineGameStore.BLL.csproj", "{798C7214-AA0F-4968-BDA6-42EB70F319F3}"
EndProject
Project("{FAE04EC0-301F-11D3-BF4B-00C04F79EFBC}") = "OnlineGameStore.DAL", "OnlineGameStore.DAL\OnlineGameStore.DAL.csproj", "{8DB34720-30AD-4527-BA9C-47107B30DFBD}"
EndProject
Project("{FAE04EC0-301F-11D3-BF4B-00C04F79EFBC}") = "OnlineGameStore.UI.Tests", "OnlineGameStore.UI.Tests\OnlineGameStore.UI.Tests.csproj", "{7648FB21-8410-4CA3-A1CF-724FC916A1B0}"
EndProject
Project("{FAE04EC0-301F-11D3-BF4B-00C04F79EFBC}") = "OnlineGameStore.BLL.Tests", "OnlineGameStore.BLL.Tests\OnlineGameStore.BLL.Tests.csproj", "{8E8896DE-2E22-4B02-9D76-27648073F433}"
EndProject
Project("{FAE04EC0-301F-11D3-BF4B-00C04F79EFBC}") = "OnlineGameStore.DAL.Tests", "OnlineGameStore.DAL.Tests\OnlineGameStore.DAL.Tests.csproj", "{5854E286-438C-4121-A5A5-D953BD82D859}"
EndProject
Project("{FAE04EC0-301F-11D3-BF4B-00C04F79EFBC}") = "SharedLogic", "SharedLogic\SharedLogic.csproj", "{E78D48A7-C22A-469C-BD24-1868370DAA32}"
EndProject
Global
	GlobalSection(SolutionConfigurationPlatforms) = preSolution
		Debug|Any CPU = Debug|Any CPU
		Debug|x64 = Debug|x64
		Debug|x86 = Debug|x86
		Release|Any CPU = Release|Any CPU
		Release|x64 = Release|x64
		Release|x86 = Release|x86
	EndGlobalSection
	GlobalSection(ProjectConfigurationPlatforms) = postSolution
		{F99396D3-EE5F-4EC5-8CF2-E2FF6BAE0CDF}.Debug|Any CPU.ActiveCfg = Debug|Any CPU
		{F99396D3-EE5F-4EC5-8CF2-E2FF6BAE0CDF}.Debug|Any CPU.Build.0 = Debug|Any CPU
		{F99396D3-EE5F-4EC5-8CF2-E2FF6BAE0CDF}.Debug|x64.ActiveCfg = Debug|Any CPU
		{F99396D3-EE5F-4EC5-8CF2-E2FF6BAE0CDF}.Debug|x64.Build.0 = Debug|Any CPU
		{F99396D3-EE5F-4EC5-8CF2-E2FF6BAE0CDF}.Debug|x86.ActiveCfg = Debug|Any CPU
		{F99396D3-EE5F-4EC5-8CF2-E2FF6BAE0CDF}.Debug|x86.Build.0 = Debug|Any CPU
		{F99396D3-EE5F-4EC5-8CF2-E2FF6BAE0CDF}.Release|Any CPU.ActiveCfg = Release|Any CPU
		{F99396D3-EE5F-4EC5-8CF2-E2FF6BAE0CDF}.Release|Any CPU.Build.0 = Release|Any CPU
		{F99396D3-EE5F-4EC5-8CF2-E2FF6BAE0CDF}.Release|x64.ActiveCfg = Release|Any CPU
		{F99396D3-EE5F-4EC5-8CF2-E2FF6BAE0CDF}.Release|x64.Build.0 = Release|Any CPU
		{F99396D3-EE5F-4EC5-8CF2-E2FF6BAE0CDF}.Release|x86.ActiveCfg = Release|Any CPU
		{F99396D3-EE5F-4EC5-8CF2-E2FF6BAE0CDF}.Release|x86.Build.0 = Release|Any CPU
		{798C7214-AA0F-4968-BDA6-42EB70F319F3}.Debug|Any CPU.ActiveCfg = Debug|Any CPU
		{798C7214-AA0F-4968-BDA6-42EB70F319F3}.Debug|Any CPU.Build.0 = Debug|Any CPU
		{798C7214-AA0F-4968-BDA6-42EB70F319F3}.Debug|x64.ActiveCfg = Debug|Any CPU
		{798C7214-AA0F-4968-BDA6-42EB70F319F3}.Debug|x64.Build.0 = Debug|Any CPU
		{798C7214-AA0F-4968-BDA6-42EB70F319F3}.Debug|x86.ActiveCfg = Debug|Any CPU
		{798C7214-AA0F-4968-BDA6-42EB70F319F3}.Debug|x86.Build.0 = Debug|Any CPU
		{798C7214-AA0F-4968-BDA6-42EB70F319F3}.Release|Any CPU.ActiveCfg = Release|Any CPU
		{798C7214-AA0F-4968-BDA6-42EB70F319F3}.Release|Any CPU.Build.0 = Release|Any CPU
		{798C7214-AA0F-4968-BDA6-42EB70F319F3}.Release|x64.ActiveCfg = Release|Any CPU
		{798C7214-AA0F-4968-BDA6-42EB70F319F3}.Release|x64.Build.0 = Release|Any CPU
		{798C7214-AA0F-4968-BDA6-42EB70F319F3}.Release|x86.ActiveCfg = Release|Any CPU
		{798C7214-AA0F-4968-BDA6-42EB70F319F3}.Release|x86.Build.0 = Release|Any CPU
		{8DB34720-30AD-4527-BA9C-47107B30DFBD}.Debug|Any CPU.ActiveCfg = Debug|Any CPU
		{8DB34720-30AD-4527-BA9C-47107B30DFBD}.Debug|Any CPU.Build.0 = Debug|Any CPU
		{8DB34720-30AD-4527-BA9C-47107B30DFBD}.Debug|x64.ActiveCfg = Debug|Any CPU
		{8DB34720-30AD-4527-BA9C-47107B30DFBD}.Debug|x64.Build.0 = Debug|Any CPU
		{8DB34720-30AD-4527-BA9C-47107B30DFBD}.Debug|x86.ActiveCfg = Debug|Any CPU
		{8DB34720-30AD-4527-BA9C-47107B30DFBD}.Debug|x86.Build.0 = Debug|Any CPU
		{8DB34720-30AD-4527-BA9C-47107B30DFBD}.Release|Any CPU.ActiveCfg = Release|Any CPU
		{8DB34720-30AD-4527-BA9C-47107B30DFBD}.Release|Any CPU.Build.0 = Release|Any CPU
		{8DB34720-30AD-4527-BA9C-47107B30DFBD}.Release|x64.ActiveCfg = Release|Any CPU
		{8DB34720-30AD-4527-BA9C-47107B30DFBD}.Release|x64.Build.0 = Release|Any CPU
		{8DB34720-30AD-4527-BA9C-47107B30DFBD}.Release|x86.ActiveCfg = Release|Any CPU
		{8DB34720-30AD-4527-BA9C-47107B30DFBD}.Release|x86.Build.0 = Release|Any CPU
		{7648FB21-8410-4CA3-A1CF-724FC916A1B0}.Debug|Any CPU.ActiveCfg = Debug|Any CPU
		{7648FB21-8410-4CA3-A1CF-724FC916A1B0}.Debug|Any CPU.Build.0 = Debug|Any CPU
		{7648FB21-8410-4CA3-A1CF-724FC916A1B0}.Debug|x64.ActiveCfg = Debug|Any CPU
		{7648FB21-8410-4CA3-A1CF-724FC916A1B0}.Debug|x64.Build.0 = Debug|Any CPU
		{7648FB21-8410-4CA3-A1CF-724FC916A1B0}.Debug|x86.ActiveCfg = Debug|Any CPU
		{7648FB21-8410-4CA3-A1CF-724FC916A1B0}.Debug|x86.Build.0 = Debug|Any CPU
		{7648FB21-8410-4CA3-A1CF-724FC916A1B0}.Release|Any CPU.ActiveCfg = Release|Any CPU
		{7648FB21-8410-4CA3-A1CF-724FC916A1B0}.Release|Any CPU.Build.0 = Release|Any CPU
		{7648FB21-8410-4CA3-A1CF-724FC916A1B0}.Release|x64.ActiveCfg = Release|Any CPU
		{7648FB21-8410-4CA3-A1CF-724FC916A1B0}.Release|x64.Build.0 = Release|Any CPU
		{7648FB21-8410-4CA3-A1CF-724FC916A1B0}.Release|x86.ActiveCfg = Release|Any CPU
		{7648FB21-8410-4CA3-A1CF-724FC916A1B0}.Release|x86.Build.0 = Release|Any CPU
		{8E8896DE-2E22-4B02-9D76-27648073F433}.Debug|Any CPU.ActiveCfg = Debug|Any CPU
		{8E8896DE-2E22-4B02-9D76-27648073F433}.Debug|Any CPU.Build.0 = Debug|Any CPU
		{8E8896DE-2E22-4B02-9D76-27648073F433}.Debug|x64.ActiveCfg = Debug|Any CPU
		{8E8896DE-2E22-4B02-9D76-27648073F433}.Debug|x64.Build.0 = Debug|Any CPU
		{8E8896DE-2E22-4B02-9D76-27648073F433}.Debug|x86.ActiveCfg = Debug|Any CPU
		{8E8896DE-2E22-4B02-9D76-27648073F433}.Debug|x86.Build.0 = Debug|Any CPU
		{8E8896DE-2E22-4B02-9D76-27648073F433}.Release|Any CPU.ActiveCfg = Release|Any CPU
		{8E8896DE-2E22-4B02-9D76-27648073F433}.Release|Any CPU.Build.0 = Release|Any CPU
		{8E8896DE-2E22-4B02-9D76-27648073F433}.Release|x64.ActiveCfg = Release|Any CPU
		{8E8896DE-2E22-4B02-9D76-27648073F433}.Release|x64.Build.0 = Release|Any CPU
		{8E8896DE-2E22-4B02-9D76-27648073F433}.Release|x86.ActiveCfg = Release|Any CPU
		{8E8896DE-2E22-4B02-9D76-27648073F433}.Release|x86.Build.0 = Release|Any CPU
		{5854E286-438C-4121-A5A5-D953BD82D859}.Debug|Any CPU.ActiveCfg = Debug|Any CPU
		{5854E286-438C-4121-A5A5-D953BD82D859}.Debug|Any CPU.Build.0 = Debug|Any CPU
		{5854E286-438C-4121-A5A5-D953BD82D859}.Debug|x64.ActiveCfg = Debug|Any CPU
		{5854E286-438C-4121-A5A5-D953BD82D859}.Debug|x64.Build.0 = Debug|Any CPU
		{5854E286-438C-4121-A5A5-D953BD82D859}.Debug|x86.ActiveCfg = Debug|Any CPU
		{5854E286-438C-4121-A5A5-D953BD82D859}.Debug|x86.Build.0 = Debug|Any CPU
		{5854E286-438C-4121-A5A5-D953BD82D859}.Release|Any CPU.ActiveCfg = Release|Any CPU
		{5854E286-438C-4121-A5A5-D953BD82D859}.Release|Any CPU.Build.0 = Release|Any CPU
		{5854E286-438C-4121-A5A5-D953BD82D859}.Release|x64.ActiveCfg = Release|Any CPU
		{5854E286-438C-4121-A5A5-D953BD82D859}.Release|x64.Build.0 = Release|Any CPU
		{5854E286-438C-4121-A5A5-D953BD82D859}.Release|x86.ActiveCfg = Release|Any CPU
		{5854E286-438C-4121-A5A5-D953BD82D859}.Release|x86.Build.0 = Release|Any CPU
		{E78D48A7-C22A-469C-BD24-1868370DAA32}.Debug|Any CPU.ActiveCfg = Debug|Any CPU
		{E78D48A7-C22A-469C-BD24-1868370DAA32}.Debug|Any CPU.Build.0 = Debug|Any CPU
		{E78D48A7-C22A-469C-BD24-1868370DAA32}.Debug|x64.ActiveCfg = Debug|Any CPU
		{E78D48A7-C22A-469C-BD24-1868370DAA32}.Debug|x64.Build.0 = Debug|Any CPU
		{E78D48A7-C22A-469C-BD24-1868370DAA32}.Debug|x86.ActiveCfg = Debug|Any CPU
		{E78D48A7-C22A-469C-BD24-1868370DAA32}.Debug|x86.Build.0 = Debug|Any CPU
		{E78D48A7-C22A-469C-BD24-1868370DAA32}.Release|Any CPU.ActiveCfg = Release|Any CPU
		{E78D48A7-C22A-469C-BD24-1868370DAA32}.Release|Any CPU.Build.0 = Release|Any CPU
		{E78D48A7-C22A-469C-BD24-1868370DAA32}.Release|x64.ActiveCfg = Release|Any CPU
		{E78D48A7-C22A-469C-BD24-1868370DAA32}.Release|x64.Build.0 = Release|Any CPU
		{E78D48A7-C22A-469C-BD24-1868370DAA32}.Release|x86.ActiveCfg = Release|Any CPU
		{E78D48A7-C22A-469C-BD24-1868370DAA32}.Release|x86.Build.0 = Release|Any CPU
	EndGlobalSection
	GlobalSection(SolutionProperties) = preSolution
		HideSolutionNode = FALSE
	EndGlobalSection
EndGlobal
